{
  "name": "@openzeppelin/contracts",
  "version": "5.1.0",
  "lockfileVersion": 2,
  "requires": true,
  "packages": {
    "": {
      "name": "@openzeppelin/contracts",
      "version": "5.1.0",
      "license": "MIT",
      "dependencies": {
        "@openzeppelin/contracts": "file:"
      }
    },
    "node_modules/@openzeppelin/contracts": {
      "resolved": "",
      "link": true
    }
  },
  "dependencies": {
    "@openzeppelin/contracts": {
      "version": "file:",
      "requires": {
        "@openzeppelin/contracts": "file:"
      }
    }
  }
}
